
Microsoft Visual Studio Solution File, Format Version 11.00
# Visual Studio 2010
Project("{FAE04EC0-301F-11D3-BF4B-00C04F79EFBC}") = "TurboJpeg.Net", "TurboJpeg.Net.csproj", "{A432D7FF-ED67-4DFF-AE55-C9A6FB37718B}"
EndProject
Project("{FAE04EC0-301F-11D3-BF4B-00C04F79EFBC}") = "ConsoleApplication1", "..\ConsoleApplication1\ConsoleApplication1.csproj", "{DF05C74B-43AA-4D83-B089-DDCFD9B0219D}"
EndProject
Global
	GlobalSection(SolutionConfigurationPlatforms) = preSolution
		Debug|Any CPU = Debug|Any CPU
		Debug|Mixed Platforms = Debug|Mixed Platforms
		Debug|x86 = Debug|x86
		Release|Any CPU = Release|Any CPU
		Release|Mixed Platforms = Release|Mixed Platforms
		Release|x86 = Release|x86
	EndGlobalSection
	GlobalSection(ProjectConfigurationPlatforms) = postSolution
		{A432D7FF-ED67-4DFF-AE55-C9A6FB37718B}.Debug|Any CPU.ActiveCfg = Debug|Any CPU
		{A432D7FF-ED67-4DFF-AE55-C9A6FB37718B}.Debug|Any CPU.Build.0 = Debug|Any CPU
		{A432D7FF-ED67-4DFF-AE55-C9A6FB37718B}.Debug|Mixed Platforms.ActiveCfg = Debug|Any CPU
		{A432D7FF-ED67-4DFF-AE55-C9A6FB37718B}.Debug|Mixed Platforms.Build.0 = Debug|Any CPU
		{A432D7FF-ED67-4DFF-AE55-C9A6FB37718B}.Debug|x86.ActiveCfg = Debug|Any CPU
		{A432D7FF-ED67-4DFF-AE55-C9A6FB37718B}.Release|Any CPU.ActiveCfg = Release|Any CPU
		{A432D7FF-ED67-4DFF-AE55-C9A6FB37718B}.Release|Any CPU.Build.0 = Release|Any CPU
		{A432D7FF-ED67-4DFF-AE55-C9A6FB37718B}.Release|Mixed Platforms.ActiveCfg = Release|Any CPU
		{A432D7FF-ED67-4DFF-AE55-C9A6FB37718B}.Release|Mixed Platforms.Build.0 = Release|Any CPU
		{A432D7FF-ED67-4DFF-AE55-C9A6FB37718B}.Release|x86.ActiveCfg = Release|Any CPU
		{DF05C74B-43AA-4D83-B089-DDCFD9B0219D}.Debug|Any CPU.ActiveCfg = Debug|x86
		{DF05C74B-43AA-4D83-B089-DDCFD9B0219D}.Debug|Mixed Platforms.ActiveCfg = Debug|x86
		{DF05C74B-43AA-4D83-B089-DDCFD9B0219D}.Debug|Mixed Platforms.Build.0 = Debug|x86
		{DF05C74B-43AA-4D83-B089-DDCFD9B0219D}.Debug|x86.ActiveCfg = Debug|x86
		{DF05C74B-43AA-4D83-B089-DDCFD9B0219D}.Debug|x86.Build.0 = Debug|x86
		{DF05C74B-43AA-4D83-B089-DDCFD9B0219D}.Release|Any CPU.ActiveCfg = Release|x86
		{DF05C74B-43AA-4D83-B089-DDCFD9B0219D}.Release|Mixed Platforms.ActiveCfg = Release|x86
		{DF05C74B-43AA-4D83-B089-DDCFD9B0219D}.Release|Mixed Platforms.Build.0 = Release|x86
		{DF05C74B-43AA-4D83-B089-DDCFD9B0219D}.Release|x86.ActiveCfg = Release|x86
		{DF05C74B-43AA-4D83-B089-DDCFD9B0219D}.Release|x86.Build.0 = Release|x86
	EndGlobalSection
	GlobalSection(SolutionProperties) = preSolution
		HideSolutionNode = FALSE
	EndGlobalSection
EndGlobal
